// !$*UTF8*$!
{
	archiveVersion = 1;
	classes = {
	};
	objectVersion = 56;
	objects = {

/* Begin PBXBuildFile section */
		147F907D2B15EA160057BC2D /* T4App.swift in Sources */ = {isa = PBXBuildFile; fileRef = 147F907C2B15EA160057BC2D /* T4App.swift */; };
		147F907F2B15EA160057BC2D /* ContentView.swift in Sources */ = {isa = PBXBuildFile; fileRef = 147F907E2B15EA160057BC2D /* ContentView.swift */; };
		147F90812B15EA160057BC2D /* Item.swift in Sources */ = {isa = PBXBuildFile; fileRef = 147F90802B15EA160057BC2D /* Item.swift */; };
		147F90832B15EA170057BC2D /* Assets.xcassets in Resources */ = {isa = PBXBuildFile; fileRef = 147F90822B15EA170057BC2D /* Assets.xcassets */; };
		147F90862B15EA170057BC2D /* Preview Assets.xcassets in Resources */ = {isa = PBXBuildFile; fileRef = 147F90852B15EA170057BC2D /* Preview Assets.xcassets */; };
		147F908F2B15EAA10057BC2D /* SwiftUIView.swift in Sources */ = {isa = PBXBuildFile; fileRef = 147F908E2B15EAA10057BC2D /* SwiftUIView.swift */; };
		147F90912B15EABD0057BC2D /* TestOrSkipView.swift in Sources */ = {isa = PBXBuildFile; fileRef = 147F90902B15EABD0057BC2D /* TestOrSkipView.swift */; };
		147F90932B15EAD50057BC2D /* SkinTestView.swift in Sources */ = {isa = PBXBuildFile; fileRef = 147F90922B15EAD50057BC2D /* SkinTestView.swift */; };
		A63E031F2B15ECAE00AAF4F0 /* logo.swift in Sources */ = {isa = PBXBuildFile; fileRef = A63E031E2B15ECAE00AAF4F0 /* logo.swift */; };
		CC0D055A2B1888EE0070C011 /* Onboarding1.swift in Sources */ = {isa = PBXBuildFile; fileRef = CC0D05592B1888EE0070C011 /* Onboarding1.swift */; };
		CC0D055C2B1888F60070C011 /* Onboarding2.swift in Sources */ = {isa = PBXBuildFile; fileRef = CC0D055B2B1888F60070C011 /* Onboarding2.swift */; };
		CC0D055E2B1888FF0070C011 /* Onboarding3.swift in Sources */ = {isa = PBXBuildFile; fileRef = CC0D055D2B1888FF0070C011 /* Onboarding3.swift */; };
		CCA6DA692B15EDB8009D66BE /* Skin1.swift in Sources */ = {isa = PBXBuildFile; fileRef = CCA6DA682B15EDB8009D66BE /* Skin1.swift */; };
		CCA6DA6B2B15EDBF009D66BE /* Skin2.swift in Sources */ = {isa = PBXBuildFile; fileRef = CCA6DA6A2B15EDBF009D66BE /* Skin2.swift */; };
		CCA6DA6D2B15EDC5009D66BE /* Skin3.swift in Sources */ = {isa = PBXBuildFile; fileRef = CCA6DA6C2B15EDC5009D66BE /* Skin3.swift */; };
		CCA6DA712B15EDE0009D66BE /* Skin4.swift in Sources */ = {isa = PBXBuildFile; fileRef = CCA6DA702B15EDE0009D66BE /* Skin4.swift */; };
/* End PBXBuildFile section */

/* Begin PBXFileReference section */
		147F90792B15EA160057BC2D /* T4.app */ = {isa = PBXFileReference; explicitFileType = wrapper.application; includeInIndex = 0; path = T4.app; sourceTree = BUILT_PRODUCTS_DIR; };
		147F907C2B15EA160057BC2D /* T4App.swift */ = {isa = PBXFileReference; lastKnownFileType = sourcecode.swift; path = T4App.swift; sourceTree = "<group>"; };
		147F907E2B15EA160057BC2D /* ContentView.swift */ = {isa = PBXFileReference; lastKnownFileType = sourcecode.swift; path = ContentView.swift; sourceTree = "<group>"; };
		147F90802B15EA160057BC2D /* Item.swift */ = {isa = PBXFileReference; lastKnownFileType = sourcecode.swift; path = Item.swift; sourceTree = "<group>"; };
		147F90822B15EA170057BC2D /* Assets.xcassets */ = {isa = PBXFileReference; lastKnownFileType = folder.assetcatalog; path = Assets.xcassets; sourceTree = "<group>"; };
		147F90852B15EA170057BC2D /* Preview Assets.xcassets */ = {isa = PBXFileReference; lastKnownFileType = folder.assetcatalog; path = "Preview Assets.xcassets"; sourceTree = "<group>"; };
		147F90872B15EA170057BC2D /* T4.entitlements */ = {isa = PBXFileReference; lastKnownFileType = text.plist.entitlements; path = T4.entitlements; sourceTree = "<group>"; };
		147F90882B15EA170057BC2D /* Info.plist */ = {isa = PBXFileReference; lastKnownFileType = text.plist.xml; path = Info.plist; sourceTree = "<group>"; };
		147F908E2B15EAA10057BC2D /* SwiftUIView.swift */ = {isa = PBXFileReference; lastKnownFileType = sourcecode.swift; path = SwiftUIView.swift; sourceTree = "<group>"; };
		147F90902B15EABD0057BC2D /* TestOrSkipView.swift */ = {isa = PBXFileReference; lastKnownFileType = sourcecode.swift; path = TestOrSkipView.swift; sourceTree = "<group>"; };
		147F90922B15EAD50057BC2D /* SkinTestView.swift */ = {isa = PBXFileReference; lastKnownFileType = sourcecode.swift; path = SkinTestView.swift; sourceTree = "<group>"; };
		A63E031E2B15ECAE00AAF4F0 /* logo.swift */ = {isa = PBXFileReference; lastKnownFileType = sourcecode.swift; path = logo.swift; sourceTree = "<group>"; };
		CC0D05592B1888EE0070C011 /* Onboarding1.swift */ = {isa = PBXFileReference; lastKnownFileType = sourcecode.swift; path = Onboarding1.swift; sourceTree = "<group>"; };
		CC0D055B2B1888F60070C011 /* Onboarding2.swift */ = {isa = PBXFileReference; lastKnownFileType = sourcecode.swift; path = Onboarding2.swift; sourceTree = "<group>"; };
		CC0D055D2B1888FF0070C011 /* Onboarding3.swift */ = {isa = PBXFileReference; lastKnownFileType = sourcecode.swift; path = Onboarding3.swift; sourceTree = "<group>"; };
		CCA6DA682B15EDB8009D66BE /* Skin1.swift */ = {isa = PBXFileReference; lastKnownFileType = sourcecode.swift; path = Skin1.swift; sourceTree = "<group>"; };
		CCA6DA6A2B15EDBF009D66BE /* Skin2.swift */ = {isa = PBXFileReference; lastKnownFileType = sourcecode.swift; path = Skin2.swift; sourceTree = "<group>"; };
		CCA6DA6C2B15EDC5009D66BE /* Skin3.swift */ = {isa = PBXFileReference; lastKnownFileType = sourcecode.swift; path = Skin3.swift; sourceTree = "<group>"; };
		CCA6DA702B15EDE0009D66BE /* Skin4.swift */ = {isa = PBXFileReference; lastKnownFileType = sourcecode.swift; path = Skin4.swift; sourceTree = "<group>"; };
/* End PBXFileReference section */

/* Begin PBXFrameworksBuildPhase section */
		147F90762B15EA160057BC2D /* Frameworks */ = {
			isa = PBXFrameworksBuildPhase;
			buildActionMask = 2147483647;
			files = (
			);
			runOnlyForDeploymentPostprocessing = 0;
		};
/* End PBXFrameworksBuildPhase section */

/* Begin PBXGroup section */
		147F90702B15EA160057BC2D = {
			isa = PBXGroup;
			children = (
				147F907B2B15EA160057BC2D /* T4 */,
				147F907A2B15EA160057BC2D /* Products */,
			);
			sourceTree = "<group>";
		};
		147F907A2B15EA160057BC2D /* Products */ = {
			isa = PBXGroup;
			children = (
				147F90792B15EA160057BC2D /* T4.app */,
			);
			name = Products;
			sourceTree = "<group>";
		};
		147F907B2B15EA160057BC2D /* T4 */ = {
			isa = PBXGroup;
			children = (
				147F907C2B15EA160057BC2D /* T4App.swift */,
				A63E031E2B15ECAE00AAF4F0 /* logo.swift */,
				147F90902B15EABD0057BC2D /* TestOrSkipView.swift */,
				147F90922B15EAD50057BC2D /* SkinTestView.swift */,
				CCA6DA682B15EDB8009D66BE /* Skin1.swift */,
				CCA6DA6A2B15EDBF009D66BE /* Skin2.swift */,
				CCA6DA6C2B15EDC5009D66BE /* Skin3.swift */,
				CCA6DA702B15EDE0009D66BE /* Skin4.swift */,
				147F907E2B15EA160057BC2D /* ContentView.swift */,
				CC0D05592B1888EE0070C011 /* Onboarding1.swift */,
				CC0D055B2B1888F60070C011 /* Onboarding2.swift */,
				CC0D055D2B1888FF0070C011 /* Onboarding3.swift */,
				147F908E2B15EAA10057BC2D /* SwiftUIView.swift */,
				147F90802B15EA160057BC2D /* Item.swift */,
				147F90822B15EA170057BC2D /* Assets.xcassets */,
				147F90872B15EA170057BC2D /* T4.entitlements */,
				147F90882B15EA170057BC2D /* Info.plist */,
				147F90842B15EA170057BC2D /* Preview Content */,
			);
			path = T4;
			sourceTree = "<group>";
		};
		147F90842B15EA170057BC2D /* Preview Content */ = {
			isa = PBXGroup;
			children = (
				147F90852B15EA170057BC2D /* Preview Assets.xcassets */,
			);
			path = "Preview Content";
			sourceTree = "<group>";
		};
/* End PBXGroup section */

/* Begin PBXNativeTarget section */
		147F90782B15EA160057BC2D /* T4 */ = {
			isa = PBXNativeTarget;
			buildConfigurationList = 147F908B2B15EA170057BC2D /* Build configuration list for PBXNativeTarget "T4" */;
			buildPhases = (
				147F90752B15EA160057BC2D /* Sources */,
				147F90762B15EA160057BC2D /* Frameworks */,
				147F90772B15EA160057BC2D /* Resources */,
			);
			buildRules = (
			);
			dependencies = (
			);
			name = T4;
			productName = T4;
			productReference = 147F90792B15EA160057BC2D /* T4.app */;
			productType = "com.apple.product-type.application";
		};
/* End PBXNativeTarget section */

/* Begin PBXProject section */
		147F90712B15EA160057BC2D /* Project object */ = {
			isa = PBXProject;
			attributes = {
				BuildIndependentTargetsInParallel = 1;
				LastSwiftUpdateCheck = 1500;
				LastUpgradeCheck = 1500;
				TargetAttributes = {
					147F90782B15EA160057BC2D = {
						CreatedOnToolsVersion = 15.0.1;
					};
				};
			};
			buildConfigurationList = 147F90742B15EA160057BC2D /* Build configuration list for PBXProject "T4" */;
			compatibilityVersion = "Xcode 14.0";
			developmentRegion = en;
			hasScannedForEncodings = 0;
			knownRegions = (
				en,
				Base,
			);
			mainGroup = 147F90702B15EA160057BC2D;
			productRefGroup = 147F907A2B15EA160057BC2D /* Products */;
			projectDirPath = "";
			projectRoot = "";
			targets = (
				147F90782B15EA160057BC2D /* T4 */,
			);
		};
/* End PBXProject section */

/* Begin PBXResourcesBuildPhase section */
		147F90772B15EA160057BC2D /* Resources */ = {
			isa = PBXResourcesBuildPhase;
			buildActionMask = 2147483647;
			files = (
				147F90862B15EA170057BC2D /* Preview Assets.xcassets in Resources */,
				147F90832B15EA170057BC2D /* Assets.xcassets in Resources */,
			);
			runOnlyForDeploymentPostprocessing = 0;
		};
/* End PBXResourcesBuildPhase section */

/* Begin PBXSourcesBuildPhase section */
		147F90752B15EA160057BC2D /* Sources */ = {
			isa = PBXSourcesBuildPhase;
			buildActionMask = 2147483647;
			files = (
				CC0D055A2B1888EE0070C011 /* Onboarding1.swift in Sources */,
				147F907F2B15EA160057BC2D /* ContentView.swift in Sources */,
				147F90812B15EA160057BC2D /* Item.swift in Sources */,
				147F90912B15EABD0057BC2D /* TestOrSkipView.swift in Sources */,
				CC0D055E2B1888FF0070C011 /* Onboarding3.swift in Sources */,
				CCA6DA712B15EDE0009D66BE /* Skin4.swift in Sources */,
				CC0D055C2B1888F60070C011 /* Onboarding2.swift in Sources */,
				147F90932B15EAD50057BC2D /* SkinTestView.swift in Sources */,
				CCA6DA6B2B15EDBF009D66BE /* Skin2.swift in Sources */,
				CCA6DA692B15EDB8009D66BE /* Skin1.swift in Sources */,
				CCA6DA6D2B15EDC5009D66BE /* Skin3.swift in Sources */,
				A63E031F2B15ECAE00AAF4F0 /* logo.swift in Sources */,
				147F908F2B15EAA10057BC2D /* SwiftUIView.swift in Sources */,
				147F907D2B15EA160057BC2D /* T4App.swift in Sources */,
			);
			runOnlyForDeploymentPostprocessing = 0;
		};
/* End PBXSourcesBuildPhase section */

/* Begin XCBuildConfiguration section */
		147F90892B15EA170057BC2D /* Debug */ = {
			isa = XCBuildConfiguration;
			buildSettings = {
				ALWAYS_SEARCH_USER_PATHS = NO;
				ASSETCATALOG_COMPILER_GENERATE_SWIFT_ASSET_SYMBOL_EXTENSIONS = YES;
				CLANG_ANALYZER_NONNULL = YES;
				CLANG_ANALYZER_NUMBER_OBJECT_CONVERSION = YES_AGGRESSIVE;
				CLANG_CXX_LANGUAGE_STANDARD = "gnu++20";
				CLANG_ENABLE_MODULES = YES;
				CLANG_ENABLE_OBJC_ARC = YES;
				CLANG_ENABLE_OBJC_WEAK = YES;
				CLANG_WARN_BLOCK_CAPTURE_AUTORELEASING = YES;
				CLANG_WARN_BOOL_CONVERSION = YES;
				CLANG_WARN_COMMA = YES;
				CLANG_WARN_CONSTANT_CONVERSION = YES;
				CLANG_WARN_DEPRECATED_OBJC_IMPLEMENTATIONS = YES;
				CLANG_WARN_DIRECT_OBJC_ISA_USAGE = YES_ERROR;
				CLANG_WARN_DOCUMENTATION_COMMENTS = YES;
				CLANG_WARN_EMPTY_BODY = YES;
				CLANG_WARN_ENUM_CONVERSION = YES;
				CLANG_WARN_INFINITE_RECURSION = YES;
				CLANG_WARN_INT_CONVERSION = YES;
				CLANG_WARN_NON_LITERAL_NULL_CONVERSION = YES;
				CLANG_WARN_OBJC_IMPLICIT_RETAIN_SELF = YES;
				CLANG_WARN_OBJC_LITERAL_CONVERSION = YES;
				CLANG_WARN_OBJC_ROOT_CLASS = YES_ERROR;
				CLANG_WARN_QUOTED_INCLUDE_IN_FRAMEWORK_HEADER = YES;
				CLANG_WARN_RANGE_LOOP_ANALYSIS = YES;
				CLANG_WARN_STRICT_PROTOTYPES = YES;
				CLANG_WARN_SUSPICIOUS_MOVE = YES;
				CLANG_WARN_UNGUARDED_AVAILABILITY = YES_AGGRESSIVE;
				CLANG_WARN_UNREACHABLE_CODE = YES;
				CLANG_WARN__DUPLICATE_METHOD_MATCH = YES;
				COPY_PHASE_STRIP = NO;
				DEBUG_INFORMATION_FORMAT = dwarf;
				ENABLE_STRICT_OBJC_MSGSEND = YES;
				ENABLE_TESTABILITY = YES;
				ENABLE_USER_SCRIPT_SANDBOXING = YES;
				GCC_C_LANGUAGE_STANDARD = gnu17;
				GCC_DYNAMIC_NO_PIC = NO;
				GCC_NO_COMMON_BLOCKS = YES;
				GCC_OPTIMIZATION_LEVEL = 0;
				GCC_PREPROCESSOR_DEFINITIONS = (
					"DEBUG=1",
					"$(inherited)",
				);
				GCC_WARN_64_TO_32_BIT_CONVERSION = YES;
				GCC_WARN_ABOUT_RETURN_TYPE = YES_ERROR;
				GCC_WARN_UNDECLARED_SELECTOR = YES;
				GCC_WARN_UNINITIALIZED_AUTOS = YES_AGGRESSIVE;
				GCC_WARN_UNUSED_FUNCTION = YES;
				GCC_WARN_UNUSED_VARIABLE = YES;
				IPHONEOS_DEPLOYMENT_TARGET = 17.0;
				LOCALIZATION_PREFERS_STRING_CATALOGS = YES;
				MTL_ENABLE_DEBUG_INFO = INCLUDE_SOURCE;
				MTL_FAST_MATH = YES;
				ONLY_ACTIVE_ARCH = YES;
				SDKROOT = iphoneos;
				SWIFT_ACTIVE_COMPILATION_CONDITIONS = "DEBUG $(inherited)";
				SWIFT_OPTIMIZATION_LEVEL = "-Onone";
			};
			name = Debug;
		};
		147F908A2B15EA170057BC2D /* Release */ = {
			isa = XCBuildConfiguration;
			buildSettings = {
				ALWAYS_SEARCH_USER_PATHS = NO;
				ASSETCATALOG_COMPILER_GENERATE_SWIFT_ASSET_SYMBOL_EXTENSIONS = YES;
				CLANG_ANALYZER_NONNULL = YES;
				CLANG_ANALYZER_NUMBER_OBJECT_CONVERSION = YES_AGGRESSIVE;
				CLANG_CXX_LANGUAGE_STANDARD = "gnu++20";
				CLANG_ENABLE_MODULES = YES;
				CLANG_ENABLE_OBJC_ARC = YES;
				CLANG_ENABLE_OBJC_WEAK = YES;
				CLANG_WARN_BLOCK_CAPTURE_AUTORELEASING = YES;
				CLANG_WARN_BOOL_CONVERSION = YES;
				CLANG_WARN_COMMA = YES;
				CLANG_WARN_CONSTANT_CONVERSION = YES;
				CLANG_WARN_DEPRECATED_OBJC_IMPLEMENTATIONS = YES;
				CLANG_WARN_DIRECT_OBJC_ISA_USAGE = YES_ERROR;
				CLANG_WARN_DOCUMENTATION_COMMENTS = YES;
				CLANG_WARN_EMPTY_BODY = YES;
				CLANG_WARN_ENUM_CONVERSION = YES;
				CLANG_WARN_INFINITE_RECURSION = YES;
				CLANG_WARN_INT_CONVERSION = YES;
				CLANG_WARN_NON_LITERAL_NULL_CONVERSION = YES;
				CLANG_WARN_OBJC_IMPLICIT_RETAIN_SELF = YES;
				CLANG_WARN_OBJC_LITERAL_CONVERSION = YES;
				CLANG_WARN_OBJC_ROOT_CLASS = YES_ERROR;
				CLANG_WARN_QUOTED_INCLUDE_IN_FRAMEWORK_HEADER = YES;
				CLANG_WARN_RANGE_LOOP_ANALYSIS = YES;
				CLANG_WARN_STRICT_PROTOTYPES = YES;
				CLANG_WARN_SUSPICIOUS_MOVE = YES;
				CLANG_WARN_UNGUARDED_AVAILABILITY = YES_AGGRESSIVE;
				CLANG_WARN_UNREACHABLE_CODE = YES;
				CLANG_WARN__DUPLICATE_METHOD_MATCH = YES;
				COPY_PHASE_STRIP = NO;
				DEBUG_INFORMATION_FORMAT = "dwarf-with-dsym";
				ENABLE_NS_ASSERTIONS = NO;
				ENABLE_STRICT_OBJC_MSGSEND = YES;
				ENABLE_USER_SCRIPT_SANDBOXING = YES;
				GCC_C_LANGUAGE_STANDARD = gnu17;
				GCC_NO_COMMON_BLOCKS = YES;
				GCC_WARN_64_TO_32_BIT_CONVERSION = YES;
				GCC_WARN_ABOUT_RETURN_TYPE = YES_ERROR;
				GCC_WARN_UNDECLARED_SELECTOR = YES;
				GCC_WARN_UNINITIALIZED_AUTOS = YES_AGGRESSIVE;
				GCC_WARN_UNUSED_FUNCTION = YES;
				GCC_WARN_UNUSED_VARIABLE = YES;
				IPHONEOS_DEPLOYMENT_TARGET = 17.0;
				LOCALIZATION_PREFERS_STRING_CATALOGS = YES;
				MTL_ENABLE_DEBUG_INFO = NO;
				MTL_FAST_MATH = YES;
				SDKROOT = iphoneos;
				SWIFT_COMPILATION_MODE = wholemodule;
				VALIDATE_PRODUCT = YES;
			};
			name = Release;
		};
		147F908C2B15EA170057BC2D /* Debug */ = {
			isa = XCBuildConfiguration;
			buildSettings = {
				ASSETCATALOG_COMPILER_APPICON_NAME = AppIcon;
				ASSETCATALOG_COMPILER_GLOBAL_ACCENT_COLOR_NAME = AccentColor;
				CODE_SIGN_ENTITLEMENTS = T4/T4.entitlements;
				CODE_SIGN_STYLE = Automatic;
				CURRENT_PROJECT_VERSION = 1;
				DEVELOPMENT_ASSET_PATHS = "\"T4/Preview Content\"";
				DEVELOPMENT_TEAM = "";
				ENABLE_PREVIEWS = YES;
				GENERATE_INFOPLIST_FILE = YES;
				INFOPLIST_FILE = T4/Info.plist;
				INFOPLIST_KEY_UIApplicationSceneManifest_Generation = YES;
				INFOPLIST_KEY_UIApplicationSupportsIndirectInputEvents = YES;
				INFOPLIST_KEY_UILaunchScreen_Generation = YES;
				INFOPLIST_KEY_UISupportedInterfaceOrientations_iPad = "UIInterfaceOrientationPortrait UIInterfaceOrientationPortraitUpsideDown UIInterfaceOrientationLandscapeLeft UIInterfaceOrientationLandscapeRight";
				INFOPLIST_KEY_UISupportedInterfaceOrientations_iPhone = "UIInterfaceOrientationPortrait UIInterfaceOrientationLandscapeLeft UIInterfaceOrientationLandscapeRight";
				LD_RUNPATH_SEARCH_PATHS = (
					"$(inherited)",
					"@executable_path/Frameworks",
				);
				MARKETING_VERSION = 1.0;
				PRODUCT_BUNDLE_IDENTIFIER = none.T4;
				PRODUCT_NAME = "$(TARGET_NAME)";
				SWIFT_EMIT_LOC_STRINGS = YES;
				SWIFT_VERSION = 5.0;
				TARGETED_DEVICE_FAMILY = "1,2";
			};
			name = Debug;
		};
		147F908D2B15EA170057BC2D /* Release */ = {
			isa = XCBuildConfiguration;
			buildSettings = {
				ASSETCATALOG_COMPILER_APPICON_NAME = AppIcon;
				ASSETCATALOG_COMPILER_GLOBAL_ACCENT_COLOR_NAME = AccentColor;
				CODE_SIGN_ENTITLEMENTS = T4/T4.entitlements;
				CODE_SIGN_STYLE = Automatic;
				CURRENT_PROJECT_VERSION = 1;
				DEVELOPMENT_ASSET_PATHS = "\"T4/Preview Content\"";
				DEVELOPMENT_TEAM = "";
				ENABLE_PREVIEWS = YES;
				GENERATE_INFOPLIST_FILE = YES;
				INFOPLIST_FILE = T4/Info.plist;
				INFOPLIST_KEY_UIApplicationSceneManifest_Generation = YES;
				INFOPLIST_KEY_UIApplicationSupportsIndirectInputEvents = YES;
				INFOPLIST_KEY_UILaunchScreen_Generation = YES;
				INFOPLIST_KEY_UISupportedInterfaceOrientations_iPad = "UIInterfaceOrientationPortrait UIInterfaceOrientationPortraitUpsideDown UIInterfaceOrientationLandscapeLeft UIInterfaceOrientationLandscapeRight";
				INFOPLIST_KEY_UISupportedInterfaceOrientations_iPhone = "UIInterfaceOrientationPortrait UIInterfaceOrientationLandscapeLeft UIInterfaceOrientationLandscapeRight";
				LD_RUNPATH_SEARCH_PATHS = (
					"$(inherited)",
					"@executable_path/Frameworks",
				);
				MARKETING_VERSION = 1.0;
				PRODUCT_BUNDLE_IDENTIFIER = none.T4;
				PRODUCT_NAME = "$(TARGET_NAME)";
				SWIFT_EMIT_LOC_STRINGS = YES;
				SWIFT_VERSION = 5.0;
				TARGETED_DEVICE_FAMILY = "1,2";
			};
			name = Release;
		};
/* End XCBuildConfiguration section */

/* Begin XCConfigurationList section */
		147F90742B15EA160057BC2D /* Build configuration list for PBXProject "T4" */ = {
			isa = XCConfigurationList;
			buildConfigurations = (
				147F90892B15EA170057BC2D /* Debug */,
				147F908A2B15EA170057BC2D /* Release */,
			);
			defaultConfigurationIsVisible = 0;
			defaultConfigurationName = Release;
		};
		147F908B2B15EA170057BC2D /* Build configuration list for PBXNativeTarget "T4" */ = {
			isa = XCConfigurationList;
			buildConfigurations = (
				147F908C2B15EA170057BC2D /* Debug */,
				147F908D2B15EA170057BC2D /* Release */,
			);
			defaultConfigurationIsVisible = 0;
			defaultConfigurationName = Release;
		};
/* End XCConfigurationList section */
	};
	rootObject = 147F90712B15EA160057BC2D /* Project object */;
}
